{
  "requires": true,
  "lockfileVersion": 1,
  "dependencies": {
    "hero-slider": {
      "version": "2.0.3",
      "resolved": "https://registry.npmjs.org/hero-slider/-/hero-slider-2.0.3.tgz",
      "integrity": "sha512-Oqe2LayVGIlk7ts+e8neVbJcZGrhhEMx4IJQyz5H6znVfbtZBbsEBbYi9R04dsj0fmK/i/YTfDWBS2DF/pjp4w==",
      "requires": {
        "react-intersection-observer": "^8.24.1",
        "react-lazyload": "^2.6.2"
      }
    },
    "react-intersection-observer": {
      "version": "8.26.1",
      "resolved": "https://registry.npmjs.org/react-intersection-observer/-/react-intersection-observer-8.26.1.tgz",
      "integrity": "sha512-eMA7K1G5CqJYkl8TjWJFEd8FtIXWHb93RAWMtZ4duEJ5DYh5E7KQcuzTGI155vTwfJ257JD+Jk5S/NJzz+DhlQ==",
      "requires": {
        "tiny-invariant": "^1.1.0"
      }
    },
    "react-lazyload": {
      "version": "2.6.5",
      "resolved": "https://registry.npmjs.org/react-lazyload/-/react-lazyload-2.6.5.tgz",
      "integrity": "sha512-C/juO9l7dGS7jEARBLjM3oG7F1lL5bqajz/55sk3GFc0Ippd9vnSkdRxdiaE6gf5si3YxIow8dSJ+YuB2D/3vg=="
    },
    "tiny-invariant": {
      "version": "1.1.0",
      "resolved": "https://registry.npmjs.org/tiny-invariant/-/tiny-invariant-1.1.0.tgz",
      "integrity": "sha512-ytxQvrb1cPc9WBEI/HSeYYoGD0kWnGEOR8RY6KomWLBVhqz0RgTwVO9dLrGz7dC+nN9llyI7OKAgRq8Vq4ZBSw=="
    }
  }
}
